{
  "version": 4,
  "terraform_version": "1.9.7",
  "serial": 822,
  "lineage": "36251ea4-02d5-d6e1-ed39-2eb78ea13960",
  "outputs": {},
  "resources": [
    {
      "mode": "managed",
      "type": "yandex_compute_instance_group",
      "name": "group1",
      "provider": "provider[\"registry.terraform.io/yandex-cloud/yandex\"]",
      "instances": [
        {
          "schema_version": 0,
          "attributes": {
            "allocation_policy": [
              {
                "instance_tags_pool": [],
                "zones": [
                  "ru-central1-a"
                ]
              }
            ],
            "application_load_balancer": [],
            "created_at": "2025-03-23T23:57:28Z",
            "deletion_protection": false,
            "deploy_policy": [
              {
                "max_creating": 3,
                "max_deleting": 3,
                "max_expansion": 3,
                "max_unavailable": 3,
                "startup_duration": 0,
                "strategy": "proactive"
              }
            ],
            "description": "",
            "folder_id": "b1grj2k1iq12emu85rv4",
            "health_check": [],
            "id": "cl1oqjvpmjnhtrujhddk",
            "instance_template": [
              {
                "boot_disk": [
                  {
                    "device_name": "",
                    "disk_id": "",
                    "initialize_params": [
                      {
                        "description": "",
                        "image_id": "fd80mrhj8fl2oe87o4e1",
                        "size": 13,
                        "snapshot_id": "",
                        "type": "network-hdd"
                      }
                    ],
                    "mode": "READ_WRITE",
                    "name": ""
                  }
                ],
                "description": "",
                "filesystem": [],
                "hostname": "",
                "labels": {},
                "metadata": {
                  "serial-port-enable": "1",
                  "ssh-keys": "ubuntu:ssh-ed25519 AAAAC3NzaC1lZDI1NTE5AAAAIEtbtzlbQMLZHwpI3cmh6USAVJ5rX8timIjZo3CvrpIw admuser@TractorLite\n",
                  "user-data": "#!/bin/bash\n echo \"\u003chtml\u003e\u003cbody\u003e\u003ch1\u003eWelcome to My Web App\u003c/h1\u003e\u003cimg src='https://porsev-24-03-2025.storage.yandexcloud.net/bucket.jpg'\u003e\u003c/body\u003e\u003c/html\u003e\" \u003e /var/www/html/index.html"
                },
                "metadata_options": [
                  {
                    "aws_v1_http_endpoint": 0,
                    "aws_v1_http_token": 0,
                    "gce_http_endpoint": 0,
                    "gce_http_token": 0
                  }
                ],
                "name": "",
                "network_interface": [
                  {
                    "dns_record": [],
                    "ip_address": "",
                    "ipv4": true,
                    "ipv6": false,
                    "ipv6_address": "",
                    "ipv6_dns_record": [],
                    "nat": true,
                    "nat_dns_record": [],
                    "nat_ip_address": "",
                    "network_id": "enpd9utqo1h37n3didjl",
                    "security_group_ids": [],
                    "subnet_ids": [
                      "e9bbjg5onq011b1ltrnt"
                    ]
                  }
                ],
                "network_settings": [],
                "placement_policy": [],
                "platform_id": "standard-v3",
                "resources": [
                  {
                    "core_fraction": 20,
                    "cores": 2,
                    "gpus": 0,
                    "memory": 1
                  }
                ],
                "scheduling_policy": [
                  {
                    "preemptible": true
                  }
                ],
                "secondary_disk": [],
                "service_account_id": ""
              }
            ],
            "instances": [
              {
                "fqdn": "cl1oqjvpmjnhtrujhddk-abuf.ru-central1.internal",
                "instance_id": "fhmc9lr7q6ms86m9mlmf",
                "instance_tag": "",
                "name": "cl1oqjvpmjnhtrujhddk-abuf",
                "network_interface": [
                  {
                    "index": 0,
                    "ip_address": "10.0.1.17",
                    "ipv4": true,
                    "ipv6": false,
                    "ipv6_address": "",
                    "mac_address": "d0:0d:c4:d7:67:d1",
                    "nat": true,
                    "nat_ip_address": "51.250.83.50",
                    "nat_ip_version": "IPV4",
                    "subnet_id": "e9bbjg5onq011b1ltrnt"
                  }
                ],
                "status": "RUNNING_ACTUAL",
                "status_changed_at": "2025-03-23T23:58:38Z",
                "status_message": "",
                "zone_id": "ru-central1-a"
              },
              {
                "fqdn": "cl1oqjvpmjnhtrujhddk-yvag.ru-central1.internal",
                "instance_id": "fhm5qq3dhps6aeko1b6r",
                "instance_tag": "",
                "name": "cl1oqjvpmjnhtrujhddk-yvag",
                "network_interface": [
                  {
                    "index": 0,
                    "ip_address": "10.0.1.8",
                    "ipv4": true,
                    "ipv6": false,
                    "ipv6_address": "",
                    "mac_address": "d0:0d:5d:68:6d:8e",
                    "nat": true,
                    "nat_ip_address": "51.250.3.100",
                    "nat_ip_version": "IPV4",
                    "subnet_id": "e9bbjg5onq011b1ltrnt"
                  }
                ],
                "status": "RUNNING_ACTUAL",
                "status_changed_at": "2025-03-23T23:58:33Z",
                "status_message": "",
                "zone_id": "ru-central1-a"
              },
              {
                "fqdn": "cl1oqjvpmjnhtrujhddk-ybog.ru-central1.internal",
                "instance_id": "fhmi8pinoa21hi0i10p9",
                "instance_tag": "",
                "name": "cl1oqjvpmjnhtrujhddk-ybog",
                "network_interface": [
                  {
                    "index": 0,
                    "ip_address": "10.0.1.6",
                    "ipv4": true,
                    "ipv6": false,
                    "ipv6_address": "",
                    "mac_address": "d0:0d:12:46:65:7c",
                    "nat": true,
                    "nat_ip_address": "51.250.95.244",
                    "nat_ip_version": "IPV4",
                    "subnet_id": "e9bbjg5onq011b1ltrnt"
                  }
                ],
                "status": "RUNNING_ACTUAL",
                "status_changed_at": "2025-03-23T23:58:27Z",
                "status_message": "",
                "zone_id": "ru-central1-a"
              }
            ],
            "labels": {},
            "load_balancer": [
              {
                "ignore_health_checks": false,
                "max_opening_traffic_duration": 0,
                "status_message": "",
                "target_group_description": "Load Balancer group",
                "target_group_id": "enpqmdh91d744v09gnbf",
                "target_group_labels": {},
                "target_group_name": "target-group"
              }
            ],
            "max_checking_health_duration": null,
            "name": "lamp",
            "scale_policy": [
              {
                "auto_scale": [],
                "fixed_scale": [
                  {
                    "size": 3
                  }
                ],
                "test_auto_scale": []
              }
            ],
            "service_account_id": "ajecdd78qmpnfiftd8of",
            "status": "ACTIVE",
            "timeouts": null,
            "variables": {}
          },
          "sensitive_attributes": [
            [
              {
                "type": "get_attr",
                "value": "allocation_policy"
              },
              {
                "type": "index",
                "value": {
                  "value": 0,
                  "type": "number"
                }
              },
              {
                "type": "get_attr",
                "value": "zones"
              }
            ],
            [
              {
                "type": "get_attr",
                "value": "folder_id"
              }
            ]
          ],
          "private": "eyJlMmJmYjczMC1lY2FhLTExZTYtOGY4OC0zNDM2M2JjN2M0YzAiOnsiY3JlYXRlIjoxODAwMDAwMDAwMDAwLCJkZWxldGUiOjE4MDAwMDAwMDAwMDAsInVwZGF0ZSI6MTgwMDAwMDAwMDAwMH19",
          "dependencies": [
            "yandex_iam_service_account.sa-test",
            "yandex_iam_service_account_static_access_key.sa-static-key",
            "yandex_storage_bucket.porsev-24-03-2025",
            "yandex_storage_object.object",
            "yandex_vpc_network.network",
            "yandex_vpc_subnet.subnet"
          ]
        }
      ]
    },
    {
      "mode": "managed",
      "type": "yandex_iam_service_account",
      "name": "sa-test",
      "provider": "provider[\"registry.terraform.io/yandex-cloud/yandex\"]",
      "instances": [
        {
          "schema_version": 0,
          "attributes": {
            "created_at": "2025-03-23T23:57:11Z",
            "description": "",
            "folder_id": "b1grj2k1iq12emu85rv4",
            "id": "ajecdd78qmpnfiftd8of",
            "name": "sa-test",
            "timeouts": null
          },
          "sensitive_attributes": [
            [
              {
                "type": "get_attr",
                "value": "folder_id"
              }
            ]
          ],
          "private": "eyJlMmJmYjczMC1lY2FhLTExZTYtOGY4OC0zNDM2M2JjN2M0YzAiOnsiY3JlYXRlIjo2MDAwMDAwMDAwMCwiZGVsZXRlIjo2MDAwMDAwMDAwMCwidXBkYXRlIjo2MDAwMDAwMDAwMH19"
        }
      ]
    },
    {
      "mode": "managed",
      "type": "yandex_iam_service_account_static_access_key",
      "name": "sa-static-key",
      "provider": "provider[\"registry.terraform.io/yandex-cloud/yandex\"]",
      "instances": [
        {
          "schema_version": 0,
          "attributes": {
            "access_key": "YCAJETaHCThdRXZcxL_nITlzr",
            "created_at": "2025-03-23T23:57:13Z",
            "description": "static access key for object storage",
            "encrypted_secret_key": null,
            "id": "aje7nf8l1qac78ug2fa1",
            "key_fingerprint": null,
            "output_to_lockbox": [],
            "output_to_lockbox_version_id": null,
            "pgp_key": null,
            "secret_key": "YCOGslApTXy98g1h4GLRjclIbZbrEaCeqrT-0XSN",
            "service_account_id": "ajecdd78qmpnfiftd8of"
          },
          "sensitive_attributes": [
            [
              {
                "type": "get_attr",
                "value": "secret_key"
              }
            ]
          ],
          "private": "bnVsbA==",
          "dependencies": [
            "yandex_iam_service_account.sa-test"
          ]
        }
      ]
    },
    {
      "mode": "managed",
      "type": "yandex_storage_bucket",
      "name": "porsev-24-03-2025",
      "provider": "provider[\"registry.terraform.io/yandex-cloud/yandex\"]",
      "instances": [
        {
          "schema_version": 1,
          "attributes": {
            "access_key": "YCAJETaHCThdRXZcxL_nITlzr",
            "acl": "public-read",
            "anonymous_access_flags": [
              {
                "config_read": true,
                "list": true,
                "read": true
              }
            ],
            "bucket": "porsev-24-03-2025",
            "bucket_domain_name": "porsev-24-03-2025.storage.yandexcloud.net",
            "bucket_prefix": null,
            "cors_rule": [],
            "default_storage_class": "STANDARD",
            "folder_id": "b1grj2k1iq12emu85rv4",
            "force_destroy": false,
            "grant": [],
            "https": [],
            "id": "porsev-24-03-2025",
            "lifecycle_rule": [],
            "logging": [],
            "max_size": 0,
            "object_lock_configuration": [],
            "policy": "",
            "secret_key": "YCOGslApTXy98g1h4GLRjclIbZbrEaCeqrT-0XSN",
            "server_side_encryption_configuration": [],
            "tags": {},
            "versioning": [
              {
                "enabled": false
              }
            ],
            "website": [
              {
                "error_document": "",
                "index_document": "bucket.jpg",
                "redirect_all_requests_to": "",
                "routing_rules": ""
              }
            ],
            "website_domain": "website.yandexcloud.net",
            "website_endpoint": "porsev-24-03-2025.website.yandexcloud.net"
          },
          "sensitive_attributes": [
            [
              {
                "type": "get_attr",
                "value": "secret_key"
              }
            ]
          ],
          "private": "eyJzY2hlbWFfdmVyc2lvbiI6IjEifQ==",
          "dependencies": [
            "yandex_iam_service_account.sa-test",
            "yandex_iam_service_account_static_access_key.sa-static-key"
          ]
        }
      ]
    },
    {
      "mode": "managed",
      "type": "yandex_storage_object",
      "name": "object",
      "provider": "provider[\"registry.terraform.io/yandex-cloud/yandex\"]",
      "instances": [
        {
          "schema_version": 0,
          "attributes": {
            "access_key": null,
            "acl": "private",
            "bucket": "porsev-24-03-2025",
            "content": null,
            "content_base64": null,
            "content_type": "application/octet-stream",
            "id": "bucket.jpg",
            "key": "bucket.jpg",
            "object_lock_legal_hold_status": null,
            "object_lock_mode": null,
            "object_lock_retain_until_date": null,
            "secret_key": null,
            "source": "../bucket.jpg",
            "source_hash": null,
            "tags": {}
          },
          "sensitive_attributes": [
            [
              {
                "type": "get_attr",
                "value": "secret_key"
              }
            ]
          ],
          "private": "bnVsbA==",
          "dependencies": [
            "yandex_iam_service_account.sa-test",
            "yandex_iam_service_account_static_access_key.sa-static-key",
            "yandex_storage_bucket.porsev-24-03-2025"
          ]
        }
      ]
    },
    {
      "mode": "managed",
      "type": "yandex_vpc_network",
      "name": "network",
      "provider": "provider[\"registry.terraform.io/yandex-cloud/yandex\"]",
      "instances": [
        {
          "schema_version": 0,
          "attributes": {
            "created_at": "2025-03-23T23:57:11Z",
            "default_security_group_id": "enpadktsejihu2vbhdkm",
            "description": "",
            "folder_id": "b1grj2k1iq12emu85rv4",
            "id": "enpd9utqo1h37n3didjl",
            "labels": {},
            "name": "Network",
            "subnet_ids": [
              "e9bbjg5onq011b1ltrnt"
            ],
            "timeouts": null
          },
          "sensitive_attributes": [],
          "private": "eyJlMmJmYjczMC1lY2FhLTExZTYtOGY4OC0zNDM2M2JjN2M0YzAiOnsiY3JlYXRlIjo2MDAwMDAwMDAwMCwiZGVsZXRlIjo2MDAwMDAwMDAwMCwidXBkYXRlIjo2MDAwMDAwMDAwMH19"
        }
      ]
    },
    {
      "mode": "managed",
      "type": "yandex_vpc_subnet",
      "name": "subnet",
      "provider": "provider[\"registry.terraform.io/yandex-cloud/yandex\"]",
      "instances": [
        {
          "schema_version": 0,
          "attributes": {
            "created_at": "2025-03-23T23:57:13Z",
            "description": "",
            "dhcp_options": [],
            "folder_id": "b1grj2k1iq12emu85rv4",
            "id": "e9bbjg5onq011b1ltrnt",
            "labels": {},
            "name": "my-subnet",
            "network_id": "enpd9utqo1h37n3didjl",
            "route_table_id": "",
            "timeouts": null,
            "v4_cidr_blocks": [
              "10.0.1.0/24"
            ],
            "v6_cidr_blocks": [],
            "zone": "ru-central1-a"
          },
          "sensitive_attributes": [
            [
              {
                "type": "get_attr",
                "value": "v4_cidr_blocks"
              }
            ],
            [
              {
                "type": "get_attr",
                "value": "zone"
              }
            ]
          ],
          "private": "eyJlMmJmYjczMC1lY2FhLTExZTYtOGY4OC0zNDM2M2JjN2M0YzAiOnsiY3JlYXRlIjoxODAwMDAwMDAwMDAsImRlbGV0ZSI6MTgwMDAwMDAwMDAwLCJ1cGRhdGUiOjE4MDAwMDAwMDAwMH19",
          "dependencies": [
            "yandex_vpc_network.network"
          ]
        }
      ]
    }
  ],
  "check_results": null
}
